// !$*UTF8*$!
{
	archiveVersion = 1;
	classes = {
	};
	objectVersion = 50;
	objects = {

/* Begin PBXBuildFile section */
		56F2B8E4213D421400E0D2E4 /* AppDelegate.m in Sources */ = {isa = PBXBuildFile; fileRef = 56F2B8E3213D421400E0D2E4 /* AppDelegate.m */; };
		56F2B8E7213D421400E0D2E4 /* ViewController.m in Sources */ = {isa = PBXBuildFile; fileRef = 56F2B8E6213D421400E0D2E4 /* ViewController.m */; };
		56F2B8EA213D421400E0D2E4 /* Main.storyboard in Resources */ = {isa = PBXBuildFile; fileRef = 56F2B8E8213D421400E0D2E4 /* Main.storyboard */; };
		56F2B8EC213D421600E0D2E4 /* Assets.xcassets in Resources */ = {isa = PBXBuildFile; fileRef = 56F2B8EB213D421600E0D2E4 /* Assets.xcassets */; };
		56F2B8EF213D421600E0D2E4 /* LaunchScreen.storyboard in Resources */ = {isa = PBXBuildFile; fileRef = 56F2B8ED213D421600E0D2E4 /* LaunchScreen.storyboard */; };
		56F2B8F2213D421600E0D2E4 /* main.m in Sources */ = {isa = PBXBuildFile; fileRef = 56F2B8F1213D421600E0D2E4 /* main.m */; };
		56F2B901213D4B8700E0D2E4 /* NotificationService.m in Sources */ = {isa = PBXBuildFile; fileRef = 56F2B900213D4B8700E0D2E4 /* NotificationService.m */; };
		56F2B905213D4B8700E0D2E4 /* OneSignalNotificationServiceExtension.appex in Embed App Extensions */ = {isa = PBXBuildFile; fileRef = 56F2B8FD213D4B8700E0D2E4 /* OneSignalNotificationServiceExtension.appex */; settings = {ATTRIBUTES = (RemoveHeadersOnCopy, ); }; };
		B34B9DCDA97F20D1DD40108F /* libPods-ChopeOneSignal.a in Frameworks */ = {isa = PBXBuildFile; fileRef = 1D5635998532916011B5CD8B /* libPods-ChopeOneSignal.a */; };
		D17C146EA731B5D6453B2E9C /* libPods-OneSignalNotificationServiceExtension.a in Frameworks */ = {isa = PBXBuildFile; fileRef = CA44AFFE67BFE5231CDD4763 /* libPods-OneSignalNotificationServiceExtension.a */; };
/* End PBXBuildFile section */

/* Begin PBXContainerItemProxy section */
		56F2B903213D4B8700E0D2E4 /* PBXContainerItemProxy */ = {
			isa = PBXContainerItemProxy;
			containerPortal = 56F2B8D7213D421400E0D2E4 /* Project object */;
			proxyType = 1;
			remoteGlobalIDString = 56F2B8FC213D4B8700E0D2E4;
			remoteInfo = OneSignalNotificationServiceExtension;
		};
/* End PBXContainerItemProxy section */

/* Begin PBXCopyFilesBuildPhase section */
		56F2B909213D4B8700E0D2E4 /* Embed App Extensions */ = {
			isa = PBXCopyFilesBuildPhase;
			buildActionMask = 2147483647;
			dstPath = "";
			dstSubfolderSpec = 13;
			files = (
				56F2B905213D4B8700E0D2E4 /* OneSignalNotificationServiceExtension.appex in Embed App Extensions */,
			);
			name = "Embed App Extensions";
			runOnlyForDeploymentPostprocessing = 0;
		};
/* End PBXCopyFilesBuildPhase section */

/* Begin PBXFileReference section */
		1D5635998532916011B5CD8B /* libPods-ChopeOneSignal.a */ = {isa = PBXFileReference; explicitFileType = archive.ar; includeInIndex = 0; path = "libPods-ChopeOneSignal.a"; sourceTree = BUILT_PRODUCTS_DIR; };
		3F15A31E281FC4745CCE22CE /* Pods-OneSignalNotificationServiceExtension.release.xcconfig */ = {isa = PBXFileReference; includeInIndex = 1; lastKnownFileType = text.xcconfig; name = "Pods-OneSignalNotificationServiceExtension.release.xcconfig"; path = "Pods/Target Support Files/Pods-OneSignalNotificationServiceExtension/Pods-OneSignalNotificationServiceExtension.release.xcconfig"; sourceTree = "<group>"; };
		56F2B8DF213D421400E0D2E4 /* ChopeOneSignal.app */ = {isa = PBXFileReference; explicitFileType = wrapper.application; includeInIndex = 0; path = ChopeOneSignal.app; sourceTree = BUILT_PRODUCTS_DIR; };
		56F2B8E2213D421400E0D2E4 /* AppDelegate.h */ = {isa = PBXFileReference; lastKnownFileType = sourcecode.c.h; path = AppDelegate.h; sourceTree = "<group>"; };
		56F2B8E3213D421400E0D2E4 /* AppDelegate.m */ = {isa = PBXFileReference; lastKnownFileType = sourcecode.c.objc; path = AppDelegate.m; sourceTree = "<group>"; };
		56F2B8E5213D421400E0D2E4 /* ViewController.h */ = {isa = PBXFileReference; lastKnownFileType = sourcecode.c.h; path = ViewController.h; sourceTree = "<group>"; };
		56F2B8E6213D421400E0D2E4 /* ViewController.m */ = {isa = PBXFileReference; lastKnownFileType = sourcecode.c.objc; path = ViewController.m; sourceTree = "<group>"; };
		56F2B8E9213D421400E0D2E4 /* Base */ = {isa = PBXFileReference; lastKnownFileType = file.storyboard; name = Base; path = Base.lproj/Main.storyboard; sourceTree = "<group>"; };
		56F2B8EB213D421600E0D2E4 /* Assets.xcassets */ = {isa = PBXFileReference; lastKnownFileType = folder.assetcatalog; path = Assets.xcassets; sourceTree = "<group>"; };
		56F2B8EE213D421600E0D2E4 /* Base */ = {isa = PBXFileReference; lastKnownFileType = file.storyboard; name = Base; path = Base.lproj/LaunchScreen.storyboard; sourceTree = "<group>"; };
		56F2B8F0213D421600E0D2E4 /* Info.plist */ = {isa = PBXFileReference; lastKnownFileType = text.plist.xml; path = Info.plist; sourceTree = "<group>"; };
		56F2B8F1213D421600E0D2E4 /* main.m */ = {isa = PBXFileReference; lastKnownFileType = sourcecode.c.objc; path = main.m; sourceTree = "<group>"; };
		56F2B8F8213D42DF00E0D2E4 /* ChopeOneSignal.entitlements */ = {isa = PBXFileReference; lastKnownFileType = text.plist.entitlements; path = ChopeOneSignal.entitlements; sourceTree = "<group>"; };
		56F2B8FD213D4B8700E0D2E4 /* OneSignalNotificationServiceExtension.appex */ = {isa = PBXFileReference; explicitFileType = "wrapper.app-extension"; includeInIndex = 0; path = OneSignalNotificationServiceExtension.appex; sourceTree = BUILT_PRODUCTS_DIR; };
		56F2B8FF213D4B8700E0D2E4 /* NotificationService.h */ = {isa = PBXFileReference; lastKnownFileType = sourcecode.c.h; path = NotificationService.h; sourceTree = "<group>"; };
		56F2B900213D4B8700E0D2E4 /* NotificationService.m */ = {isa = PBXFileReference; lastKnownFileType = sourcecode.c.objc; path = NotificationService.m; sourceTree = "<group>"; };
		56F2B902213D4B8700E0D2E4 /* Info.plist */ = {isa = PBXFileReference; lastKnownFileType = text.plist.xml; path = Info.plist; sourceTree = "<group>"; };
		79EC0593FBD56DFB6C89CBF8 /* Pods-ChopeOneSignal.debug.xcconfig */ = {isa = PBXFileReference; includeInIndex = 1; lastKnownFileType = text.xcconfig; name = "Pods-ChopeOneSignal.debug.xcconfig"; path = "Pods/Target Support Files/Pods-ChopeOneSignal/Pods-ChopeOneSignal.debug.xcconfig"; sourceTree = "<group>"; };
		B1F7C73F48AFF3502D64DA13 /* Pods-ChopeOneSignal.release.xcconfig */ = {isa = PBXFileReference; includeInIndex = 1; lastKnownFileType = text.xcconfig; name = "Pods-ChopeOneSignal.release.xcconfig"; path = "Pods/Target Support Files/Pods-ChopeOneSignal/Pods-ChopeOneSignal.release.xcconfig"; sourceTree = "<group>"; };
		CA44AFFE67BFE5231CDD4763 /* libPods-OneSignalNotificationServiceExtension.a */ = {isa = PBXFileReference; explicitFileType = archive.ar; includeInIndex = 0; path = "libPods-OneSignalNotificationServiceExtension.a"; sourceTree = BUILT_PRODUCTS_DIR; };
		CC888D9AAD8937479B703111 /* Pods-OneSignalNotificationServiceExtension.debug.xcconfig */ = {isa = PBXFileReference; includeInIndex = 1; lastKnownFileType = text.xcconfig; name = "Pods-OneSignalNotificationServiceExtension.debug.xcconfig"; path = "Pods/Target Support Files/Pods-OneSignalNotificationServiceExtension/Pods-OneSignalNotificationServiceExtension.debug.xcconfig"; sourceTree = "<group>"; };
/* End PBXFileReference section */

/* Begin PBXFrameworksBuildPhase section */
		56F2B8DC213D421400E0D2E4 /* Frameworks */ = {
			isa = PBXFrameworksBuildPhase;
			buildActionMask = 2147483647;
			files = (
				B34B9DCDA97F20D1DD40108F /* libPods-ChopeOneSignal.a in Frameworks */,
			);
			runOnlyForDeploymentPostprocessing = 0;
		};
		56F2B8FA213D4B8700E0D2E4 /* Frameworks */ = {
			isa = PBXFrameworksBuildPhase;
			buildActionMask = 2147483647;
			files = (
				D17C146EA731B5D6453B2E9C /* libPods-OneSignalNotificationServiceExtension.a in Frameworks */,
			);
			runOnlyForDeploymentPostprocessing = 0;
		};
/* End PBXFrameworksBuildPhase section */

/* Begin PBXGroup section */
		0BECAD19B578C8E20AD9EB8E /* Frameworks */ = {
			isa = PBXGroup;
			children = (
				1D5635998532916011B5CD8B /* libPods-ChopeOneSignal.a */,
				CA44AFFE67BFE5231CDD4763 /* libPods-OneSignalNotificationServiceExtension.a */,
			);
			name = Frameworks;
			sourceTree = "<group>";
		};
		56F2B8D6213D421400E0D2E4 = {
			isa = PBXGroup;
			children = (
				56F2B8E1213D421400E0D2E4 /* ChopeOneSignal */,
				56F2B8FE213D4B8700E0D2E4 /* OneSignalNotificationServiceExtension */,
				56F2B8E0213D421400E0D2E4 /* Products */,
				D7EF0026BFCEC949EF68724E /* Pods */,
				0BECAD19B578C8E20AD9EB8E /* Frameworks */,
			);
			sourceTree = "<group>";
		};
		56F2B8E0213D421400E0D2E4 /* Products */ = {
			isa = PBXGroup;
			children = (
				56F2B8DF213D421400E0D2E4 /* ChopeOneSignal.app */,
				56F2B8FD213D4B8700E0D2E4 /* OneSignalNotificationServiceExtension.appex */,
			);
			name = Products;
			sourceTree = "<group>";
		};
		56F2B8E1213D421400E0D2E4 /* ChopeOneSignal */ = {
			isa = PBXGroup;
			children = (
				56F2B8F8213D42DF00E0D2E4 /* ChopeOneSignal.entitlements */,
				56F2B8E2213D421400E0D2E4 /* AppDelegate.h */,
				56F2B8E3213D421400E0D2E4 /* AppDelegate.m */,
				56F2B8E5213D421400E0D2E4 /* ViewController.h */,
				56F2B8E6213D421400E0D2E4 /* ViewController.m */,
				56F2B8E8213D421400E0D2E4 /* Main.storyboard */,
				56F2B8EB213D421600E0D2E4 /* Assets.xcassets */,
				56F2B8ED213D421600E0D2E4 /* LaunchScreen.storyboard */,
				56F2B8F0213D421600E0D2E4 /* Info.plist */,
				56F2B8F1213D421600E0D2E4 /* main.m */,
			);
			path = ChopeOneSignal;
			sourceTree = "<group>";
		};
		56F2B8FE213D4B8700E0D2E4 /* OneSignalNotificationServiceExtension */ = {
			isa = PBXGroup;
			children = (
				56F2B8FF213D4B8700E0D2E4 /* NotificationService.h */,
				56F2B900213D4B8700E0D2E4 /* NotificationService.m */,
				56F2B902213D4B8700E0D2E4 /* Info.plist */,
			);
			path = OneSignalNotificationServiceExtension;
			sourceTree = "<group>";
		};
		D7EF0026BFCEC949EF68724E /* Pods */ = {
			isa = PBXGroup;
			children = (
				79EC0593FBD56DFB6C89CBF8 /* Pods-ChopeOneSignal.debug.xcconfig */,
				B1F7C73F48AFF3502D64DA13 /* Pods-ChopeOneSignal.release.xcconfig */,
				CC888D9AAD8937479B703111 /* Pods-OneSignalNotificationServiceExtension.debug.xcconfig */,
				3F15A31E281FC4745CCE22CE /* Pods-OneSignalNotificationServiceExtension.release.xcconfig */,
			);
			name = Pods;
			sourceTree = "<group>";
		};
/* End PBXGroup section */

/* Begin PBXNativeTarget section */
		56F2B8DE213D421400E0D2E4 /* ChopeOneSignal */ = {
			isa = PBXNativeTarget;
			buildConfigurationList = 56F2B8F5213D421600E0D2E4 /* Build configuration list for PBXNativeTarget "ChopeOneSignal" */;
			buildPhases = (
				2AF858893DB716E8AB53BF7B /* [CP] Check Pods Manifest.lock */,
				56F2B8DB213D421400E0D2E4 /* Sources */,
				56F2B8DC213D421400E0D2E4 /* Frameworks */,
				56F2B8DD213D421400E0D2E4 /* Resources */,
				A0D9D4F89BC2852711B45F91 /* [CP] Embed Pods Frameworks */,
				FF1A3071EAC75413AEF36727 /* [CP] Copy Pods Resources */,
				56F2B909213D4B8700E0D2E4 /* Embed App Extensions */,
			);
			buildRules = (
			);
			dependencies = (
				56F2B904213D4B8700E0D2E4 /* PBXTargetDependency */,
			);
			name = ChopeOneSignal;
			productName = ChopeOneSignal;
			productReference = 56F2B8DF213D421400E0D2E4 /* ChopeOneSignal.app */;
			productType = "com.apple.product-type.application";
		};
		56F2B8FC213D4B8700E0D2E4 /* OneSignalNotificationServiceExtension */ = {
			isa = PBXNativeTarget;
			buildConfigurationList = 56F2B906213D4B8700E0D2E4 /* Build configuration list for PBXNativeTarget "OneSignalNotificationServiceExtension" */;
			buildPhases = (
				72C36A60DD148A54E1D7F7AC /* [CP] Check Pods Manifest.lock */,
				56F2B8F9213D4B8700E0D2E4 /* Sources */,
				56F2B8FA213D4B8700E0D2E4 /* Frameworks */,
				56F2B8FB213D4B8700E0D2E4 /* Resources */,
				346C742D708973D20C31FF5F /* [CP] Copy Pods Resources */,
			);
			buildRules = (
			);
			dependencies = (
			);
			name = OneSignalNotificationServiceExtension;
			productName = OneSignalNotificationServiceExtension;
			productReference = 56F2B8FD213D4B8700E0D2E4 /* OneSignalNotificationServiceExtension.appex */;
			productType = "com.apple.product-type.app-extension";
		};
/* End PBXNativeTarget section */

/* Begin PBXProject section */
		56F2B8D7213D421400E0D2E4 /* Project object */ = {
			isa = PBXProject;
			attributes = {
				LastUpgradeCheck = 0930;
				ORGANIZATIONNAME = "彭利民";
				TargetAttributes = {
					56F2B8DE213D421400E0D2E4 = {
						CreatedOnToolsVersion = 9.3;
						SystemCapabilities = {
							com.apple.BackgroundModes = {
								enabled = 1;
							};
							com.apple.Push = {
								enabled = 1;
							};
						};
					};
					56F2B8FC213D4B8700E0D2E4 = {
						CreatedOnToolsVersion = 9.3;
					};
				};
			};
			buildConfigurationList = 56F2B8DA213D421400E0D2E4 /* Build configuration list for PBXProject "ChopeOneSignal" */;
			compatibilityVersion = "Xcode 9.3";
			developmentRegion = en;
			hasScannedForEncodings = 0;
			knownRegions = (
				en,
				Base,
			);
			mainGroup = 56F2B8D6213D421400E0D2E4;
			productRefGroup = 56F2B8E0213D421400E0D2E4 /* Products */;
			projectDirPath = "";
			projectRoot = "";
			targets = (
				56F2B8DE213D421400E0D2E4 /* ChopeOneSignal */,
				56F2B8FC213D4B8700E0D2E4 /* OneSignalNotificationServiceExtension */,
			);
		};
/* End PBXProject section */

/* Begin PBXResourcesBuildPhase section */
		56F2B8DD213D421400E0D2E4 /* Resources */ = {
			isa = PBXResourcesBuildPhase;
			buildActionMask = 2147483647;
			files = (
				56F2B8EF213D421600E0D2E4 /* LaunchScreen.storyboard in Resources */,
				56F2B8EC213D421600E0D2E4 /* Assets.xcassets in Resources */,
				56F2B8EA213D421400E0D2E4 /* Main.storyboard in Resources */,
			);
			runOnlyForDeploymentPostprocessing = 0;
		};
		56F2B8FB213D4B8700E0D2E4 /* Resources */ = {
			isa = PBXResourcesBuildPhase;
			buildActionMask = 2147483647;
			files = (
			);
			runOnlyForDeploymentPostprocessing = 0;
		};
/* End PBXResourcesBuildPhase section */

/* Begin PBXShellScriptBuildPhase section */
		2AF858893DB716E8AB53BF7B /* [CP] Check Pods Manifest.lock */ = {
			isa = PBXShellScriptBuildPhase;
			buildActionMask = 2147483647;
			files = (
			);
			inputPaths = (
				"${PODS_PODFILE_DIR_PATH}/Podfile.lock",
				"${PODS_ROOT}/Manifest.lock",
			);
			name = "[CP] Check Pods Manifest.lock";
			outputPaths = (
				"$(DERIVED_FILE_DIR)/Pods-ChopeOneSignal-checkManifestLockResult.txt",
			);
			runOnlyForDeploymentPostprocessing = 0;
			shellPath = /bin/sh;
			shellScript = "diff \"${PODS_PODFILE_DIR_PATH}/Podfile.lock\" \"${PODS_ROOT}/Manifest.lock\" > /dev/null\nif [ $? != 0 ] ; then\n    # print error to STDERR\n    echo \"error: The sandbox is not in sync with the Podfile.lock. Run 'pod install' or update your CocoaPods installation.\" >&2\n    exit 1\nfi\n# This output is used by Xcode 'outputs' to avoid re-running this script phase.\necho \"SUCCESS\" > \"${SCRIPT_OUTPUT_FILE_0}\"\n";
			showEnvVarsInLog = 0;
		};
		346C742D708973D20C31FF5F /* [CP] Copy Pods Resources */ = {
			isa = PBXShellScriptBuildPhase;
			buildActionMask = 2147483647;
			files = (
			);
			inputPaths = (
			);
			name = "[CP] Copy Pods Resources";
			outputPaths = (
			);
			runOnlyForDeploymentPostprocessing = 0;
			shellPath = /bin/sh;
			shellScript = "\"${SRCROOT}/Pods/Target Support Files/Pods-OneSignalNotificationServiceExtension/Pods-OneSignalNotificationServiceExtension-resources.sh\"\n";
			showEnvVarsInLog = 0;
		};
		72C36A60DD148A54E1D7F7AC /* [CP] Check Pods Manifest.lock */ = {
			isa = PBXShellScriptBuildPhase;
			buildActionMask = 2147483647;
			files = (
			);
			inputPaths = (
				"${PODS_PODFILE_DIR_PATH}/Podfile.lock",
				"${PODS_ROOT}/Manifest.lock",
			);
			name = "[CP] Check Pods Manifest.lock";
			outputPaths = (
				"$(DERIVED_FILE_DIR)/Pods-OneSignalNotificationServiceExtension-checkManifestLockResult.txt",
			);
			runOnlyForDeploymentPostprocessing = 0;
			shellPath = /bin/sh;
			shellScript = "diff \"${PODS_PODFILE_DIR_PATH}/Podfile.lock\" \"${PODS_ROOT}/Manifest.lock\" > /dev/null\nif [ $? != 0 ] ; then\n    # print error to STDERR\n    echo \"error: The sandbox is not in sync with the Podfile.lock. Run 'pod install' or update your CocoaPods installation.\" >&2\n    exit 1\nfi\n# This output is used by Xcode 'outputs' to avoid re-running this script phase.\necho \"SUCCESS\" > \"${SCRIPT_OUTPUT_FILE_0}\"\n";
			showEnvVarsInLog = 0;
		};
		A0D9D4F89BC2852711B45F91 /* [CP] Embed Pods Frameworks */ = {
			isa = PBXShellScriptBuildPhase;
			buildActionMask = 2147483647;
			files = (
			);
			inputPaths = (
			);
			name = "[CP] Embed Pods Frameworks";
			outputPaths = (
			);
			runOnlyForDeploymentPostprocessing = 0;
			shellPath = /bin/sh;
			shellScript = "\"${SRCROOT}/Pods/Target Support Files/Pods-ChopeOneSignal/Pods-ChopeOneSignal-frameworks.sh\"\n";
			showEnvVarsInLog = 0;
		};
		FF1A3071EAC75413AEF36727 /* [CP] Copy Pods Resources */ = {
			isa = PBXShellScriptBuildPhase;
			buildActionMask = 2147483647;
			files = (
			);
			inputPaths = (
			);
			name = "[CP] Copy Pods Resources";
			outputPaths = (
			);
			runOnlyForDeploymentPostprocessing = 0;
			shellPath = /bin/sh;
			shellScript = "\"${SRCROOT}/Pods/Target Support Files/Pods-ChopeOneSignal/Pods-ChopeOneSignal-resources.sh\"\n";
			showEnvVarsInLog = 0;
		};
/* End PBXShellScriptBuildPhase section */

/* Begin PBXSourcesBuildPhase section */
		56F2B8DB213D421400E0D2E4 /* Sources */ = {
			isa = PBXSourcesBuildPhase;
			buildActionMask = 2147483647;
			files = (
				56F2B8E7213D421400E0D2E4 /* ViewController.m in Sources */,
				56F2B8F2213D421600E0D2E4 /* main.m in Sources */,
				56F2B8E4213D421400E0D2E4 /* AppDelegate.m in Sources */,
			);
			runOnlyForDeploymentPostprocessing = 0;
		};
		56F2B8F9213D4B8700E0D2E4 /* Sources */ = {
			isa = PBXSourcesBuildPhase;
			buildActionMask = 2147483647;
			files = (
				56F2B901213D4B8700E0D2E4 /* NotificationService.m in Sources */,
			);
			runOnlyForDeploymentPostprocessing = 0;
		};
/* End PBXSourcesBuildPhase section */

/* Begin PBXTargetDependency section */
		56F2B904213D4B8700E0D2E4 /* PBXTargetDependency */ = {
			isa = PBXTargetDependency;
			target = 56F2B8FC213D4B8700E0D2E4 /* OneSignalNotificationServiceExtension */;
			targetProxy = 56F2B903213D4B8700E0D2E4 /* PBXContainerItemProxy */;
		};
/* End PBXTargetDependency section */

/* Begin PBXVariantGroup section */
		56F2B8E8213D421400E0D2E4 /* Main.storyboard */ = {
			isa = PBXVariantGroup;
			children = (
				56F2B8E9213D421400E0D2E4 /* Base */,
			);
			name = Main.storyboard;
			sourceTree = "<group>";
		};
		56F2B8ED213D421600E0D2E4 /* LaunchScreen.storyboard */ = {
			isa = PBXVariantGroup;
			children = (
				56F2B8EE213D421600E0D2E4 /* Base */,
			);
			name = LaunchScreen.storyboard;
			sourceTree = "<group>";
		};
/* End PBXVariantGroup section */

/* Begin XCBuildConfiguration section */
		56F2B8F3213D421600E0D2E4 /* Debug */ = {
			isa = XCBuildConfiguration;
			buildSettings = {
				ALWAYS_SEARCH_USER_PATHS = NO;
				CLANG_ANALYZER_NONNULL = YES;
				CLANG_ANALYZER_NUMBER_OBJECT_CONVERSION = YES_AGGRESSIVE;
				CLANG_CXX_LANGUAGE_STANDARD = "gnu++14";
				CLANG_CXX_LIBRARY = "libc++";
				CLANG_ENABLE_MODULES = YES;
				CLANG_ENABLE_OBJC_ARC = YES;
				CLANG_ENABLE_OBJC_WEAK = YES;
				CLANG_WARN_BLOCK_CAPTURE_AUTORELEASING = YES;
				CLANG_WARN_BOOL_CONVERSION = YES;
				CLANG_WARN_COMMA = YES;
				CLANG_WARN_CONSTANT_CONVERSION = YES;
				CLANG_WARN_DEPRECATED_OBJC_IMPLEMENTATIONS = YES;
				CLANG_WARN_DIRECT_OBJC_ISA_USAGE = YES_ERROR;
				CLANG_WARN_DOCUMENTATION_COMMENTS = YES;
				CLANG_WARN_EMPTY_BODY = YES;
				CLANG_WARN_ENUM_CONVERSION = YES;
				CLANG_WARN_INFINITE_RECURSION = YES;
				CLANG_WARN_INT_CONVERSION = YES;
				CLANG_WARN_NON_LITERAL_NULL_CONVERSION = YES;
				CLANG_WARN_OBJC_IMPLICIT_RETAIN_SELF = YES;
				CLANG_WARN_OBJC_LITERAL_CONVERSION = YES;
				CLANG_WARN_OBJC_ROOT_CLASS = YES_ERROR;
				CLANG_WARN_RANGE_LOOP_ANALYSIS = YES;
				CLANG_WARN_STRICT_PROTOTYPES = YES;
				CLANG_WARN_SUSPICIOUS_MOVE = YES;
				CLANG_WARN_UNGUARDED_AVAILABILITY = YES_AGGRESSIVE;
				CLANG_WARN_UNREACHABLE_CODE = YES;
				CLANG_WARN__DUPLICATE_METHOD_MATCH = YES;
				CODE_SIGN_IDENTITY = "iPhone Developer";
				COPY_PHASE_STRIP = NO;
				DEBUG_INFORMATION_FORMAT = dwarf;
				ENABLE_STRICT_OBJC_MSGSEND = YES;
				ENABLE_TESTABILITY = YES;
				GCC_C_LANGUAGE_STANDARD = gnu11;
				GCC_DYNAMIC_NO_PIC = NO;
				GCC_NO_COMMON_BLOCKS = YES;
				GCC_OPTIMIZATION_LEVEL = 0;
				GCC_PREPROCESSOR_DEFINITIONS = (
					"DEBUG=1",
					"$(inherited)",
				);
				GCC_WARN_64_TO_32_BIT_CONVERSION = YES;
				GCC_WARN_ABOUT_RETURN_TYPE = YES_ERROR;
				GCC_WARN_UNDECLARED_SELECTOR = YES;
				GCC_WARN_UNINITIALIZED_AUTOS = YES_AGGRESSIVE;
				GCC_WARN_UNUSED_FUNCTION = YES;
				GCC_WARN_UNUSED_VARIABLE = YES;
				IPHONEOS_DEPLOYMENT_TARGET = 11.3;
				MTL_ENABLE_DEBUG_INFO = YES;
				ONLY_ACTIVE_ARCH = YES;
				SDKROOT = iphoneos;
			};
			name = Debug;
		};
		56F2B8F4213D421600E0D2E4 /* Release */ = {
			isa = XCBuildConfiguration;
			buildSettings = {
				ALWAYS_SEARCH_USER_PATHS = NO;
				CLANG_ANALYZER_NONNULL = YES;
				CLANG_ANALYZER_NUMBER_OBJECT_CONVERSION = YES_AGGRESSIVE;
				CLANG_CXX_LANGUAGE_STANDARD = "gnu++14";
				CLANG_CXX_LIBRARY = "libc++";
				CLANG_ENABLE_MODULES = YES;
				CLANG_ENABLE_OBJC_ARC = YES;
				CLANG_ENABLE_OBJC_WEAK = YES;
				CLANG_WARN_BLOCK_CAPTURE_AUTORELEASING = YES;
				CLANG_WARN_BOOL_CONVERSION = YES;
				CLANG_WARN_COMMA = YES;
				CLANG_WARN_CONSTANT_CONVERSION = YES;
				CLANG_WARN_DEPRECATED_OBJC_IMPLEMENTATIONS = YES;
				CLANG_WARN_DIRECT_OBJC_ISA_USAGE = YES_ERROR;
				CLANG_WARN_DOCUMENTATION_COMMENTS = YES;
				CLANG_WARN_EMPTY_BODY = YES;
				CLANG_WARN_ENUM_CONVERSION = YES;
				CLANG_WARN_INFINITE_RECURSION = YES;
				CLANG_WARN_INT_CONVERSION = YES;
				CLANG_WARN_NON_LITERAL_NULL_CONVERSION = YES;
				CLANG_WARN_OBJC_IMPLICIT_RETAIN_SELF = YES;
				CLANG_WARN_OBJC_LITERAL_CONVERSION = YES;
				CLANG_WARN_OBJC_ROOT_CLASS = YES_ERROR;
				CLANG_WARN_RANGE_LOOP_ANALYSIS = YES;
				CLANG_WARN_STRICT_PROTOTYPES = YES;
				CLANG_WARN_SUSPICIOUS_MOVE = YES;
				CLANG_WARN_UNGUARDED_AVAILABILITY = YES_AGGRESSIVE;
				CLANG_WARN_UNREACHABLE_CODE = YES;
				CLANG_WARN__DUPLICATE_METHOD_MATCH = YES;
				CODE_SIGN_IDENTITY = "iPhone Developer";
				COPY_PHASE_STRIP = NO;
				DEBUG_INFORMATION_FORMAT = "dwarf-with-dsym";
				ENABLE_NS_ASSERTIONS = NO;
				ENABLE_STRICT_OBJC_MSGSEND = YES;
				GCC_C_LANGUAGE_STANDARD = gnu11;
				GCC_NO_COMMON_BLOCKS = YES;
				GCC_WARN_64_TO_32_BIT_CONVERSION = YES;
				GCC_WARN_ABOUT_RETURN_TYPE = YES_ERROR;
				GCC_WARN_UNDECLARED_SELECTOR = YES;
				GCC_WARN_UNINITIALIZED_AUTOS = YES_AGGRESSIVE;
				GCC_WARN_UNUSED_FUNCTION = YES;
				GCC_WARN_UNUSED_VARIABLE = YES;
				IPHONEOS_DEPLOYMENT_TARGET = 11.3;
				MTL_ENABLE_DEBUG_INFO = NO;
				SDKROOT = iphoneos;
				VALIDATE_PRODUCT = YES;
			};
			name = Release;
		};
		56F2B8F6213D421600E0D2E4 /* Debug */ = {
			isa = XCBuildConfiguration;
			baseConfigurationReference = 79EC0593FBD56DFB6C89CBF8 /* Pods-ChopeOneSignal.debug.xcconfig */;
			buildSettings = {
				ASSETCATALOG_COMPILER_APPICON_NAME = AppIcon;
				CODE_SIGN_ENTITLEMENTS = ChopeOneSignal/ChopeOneSignal.entitlements;
				CODE_SIGN_STYLE = Automatic;
				DEVELOPMENT_TEAM = R9WT9T43ZM;
				INFOPLIST_FILE = ChopeOneSignal/Info.plist;
				LD_RUNPATH_SEARCH_PATHS = (
					"$(inherited)",
					"@executable_path/Frameworks",
				);
				PRODUCT_BUNDLE_IDENTIFIER = com.chope.staging;
				PRODUCT_NAME = "$(TARGET_NAME)";
				TARGETED_DEVICE_FAMILY = "1,2";
			};
			name = Debug;
		};
		56F2B8F7213D421600E0D2E4 /* Release */ = {
			isa = XCBuildConfiguration;
			baseConfigurationReference = B1F7C73F48AFF3502D64DA13 /* Pods-ChopeOneSignal.release.xcconfig */;
			buildSettings = {
				ASSETCATALOG_COMPILER_APPICON_NAME = AppIcon;
				CODE_SIGN_ENTITLEMENTS = ChopeOneSignal/ChopeOneSignal.entitlements;
				CODE_SIGN_STYLE = Automatic;
				DEVELOPMENT_TEAM = R9WT9T43ZM;
				INFOPLIST_FILE = ChopeOneSignal/Info.plist;
				LD_RUNPATH_SEARCH_PATHS = (
					"$(inherited)",
					"@executable_path/Frameworks",
				);
				PRODUCT_BUNDLE_IDENTIFIER = com.chope.staging;
				PRODUCT_NAME = "$(TARGET_NAME)";
				TARGETED_DEVICE_FAMILY = "1,2";
			};
			name = Release;
		};
		56F2B907213D4B8700E0D2E4 /* Debug */ = {
			isa = XCBuildConfiguration;
			baseConfigurationReference = CC888D9AAD8937479B703111 /* Pods-OneSignalNotificationServiceExtension.debug.xcconfig */;
			buildSettings = {
				CODE_SIGN_STYLE = Automatic;
				DEVELOPMENT_TEAM = R9WT9T43ZM;
				INFOPLIST_FILE = OneSignalNotificationServiceExtension/Info.plist;
				LD_RUNPATH_SEARCH_PATHS = (
					"$(inherited)",
					"@executable_path/Frameworks",
					"@executable_path/../../Frameworks",
				);
				PRODUCT_BUNDLE_IDENTIFIER = com.chope.staging.OneSignalNotificationServiceExtension;
				PRODUCT_NAME = "$(TARGET_NAME)";
				SKIP_INSTALL = YES;
				TARGETED_DEVICE_FAMILY = "1,2";
			};
			name = Debug;
		};
		56F2B908213D4B8700E0D2E4 /* Release */ = {
			isa = XCBuildConfiguration;
			baseConfigurationReference = 3F15A31E281FC4745CCE22CE /* Pods-OneSignalNotificationServiceExtension.release.xcconfig */;
			buildSettings = {
				CODE_SIGN_STYLE = Automatic;
				DEVELOPMENT_TEAM = R9WT9T43ZM;
				INFOPLIST_FILE = OneSignalNotificationServiceExtension/Info.plist;
				LD_RUNPATH_SEARCH_PATHS = (
					"$(inherited)",
					"@executable_path/Frameworks",
					"@executable_path/../../Frameworks",
				);
				PRODUCT_BUNDLE_IDENTIFIER = com.chope.staging.OneSignalNotificationServiceExtension;
				PRODUCT_NAME = "$(TARGET_NAME)";
				SKIP_INSTALL = YES;
				TARGETED_DEVICE_FAMILY = "1,2";
			};
			name = Release;
		};
/* End XCBuildConfiguration section */

/* Begin XCConfigurationList section */
		56F2B8DA213D421400E0D2E4 /* Build configuration list for PBXProject "ChopeOneSignal" */ = {
			isa = XCConfigurationList;
			buildConfigurations = (
				56F2B8F3213D421600E0D2E4 /* Debug */,
				56F2B8F4213D421600E0D2E4 /* Release */,
			);
			defaultConfigurationIsVisible = 0;
			defaultConfigurationName = Release;
		};
		56F2B8F5213D421600E0D2E4 /* Build configuration list for PBXNativeTarget "ChopeOneSignal" */ = {
			isa = XCConfigurationList;
			buildConfigurations = (
				56F2B8F6213D421600E0D2E4 /* Debug */,
				56F2B8F7213D421600E0D2E4 /* Release */,
			);
			defaultConfigurationIsVisible = 0;
			defaultConfigurationName = Release;
		};
		56F2B906213D4B8700E0D2E4 /* Build configuration list for PBXNativeTarget "OneSignalNotificationServiceExtension" */ = {
			isa = XCConfigurationList;
			buildConfigurations = (
				56F2B907213D4B8700E0D2E4 /* Debug */,
				56F2B908213D4B8700E0D2E4 /* Release */,
			);
			defaultConfigurationIsVisible = 0;
			defaultConfigurationName = Release;
		};
/* End XCConfigurationList section */
	};
	rootObject = 56F2B8D7213D421400E0D2E4 /* Project object */;
}
